hash: a879d01acdb94acbb413dfbb27d94b1492fe678c71657a1bfd1af06eb217477c
updated: 2016-12-28T21:24:25.053352558-08:00
imports:
- name: github.com/golang/protobuf
  version: 8ee79997227bf9b34611aee7946ae64735e6fd93
  subpackages:
  - proto
- name: github.com/onsi/ginkgo
  version: e185767ab450dd717718019ebe6115112af5c575
  subpackages:
  - config
  - internal/codelocation
  - internal/containernode
  - internal/failer
  - internal/leafnodes
  - internal/remote
  - internal/spec
  - internal/specrunner
  - internal/suite
  - internal/testingtproxy
  - internal/writer
  - reporters
  - reporters/stenographer
  - reporters/stenographer/support/go-colorable
  - reporters/stenographer/support/go-isatty
  - types
- name: github.com/onsi/gomega
  version: f1f0f388b31eca4e2cbe7a6dd8a3a1dfddda5b1c
  subpackages:
  - format
  - ghttp
  - internal/assertion
  - internal/asyncassertion
  - internal/oraclematcher
  - internal/testingtsupport
  - matchers
  - matchers/support/goraph/bipartitegraph
  - matchers/support/goraph/edge
  - matchers/support/goraph/node
  - matchers/support/goraph/util
  - types
- name: golang.org/x/net
  version: 45e771701b814666a7eb299e6c7a57d0b1799e91
  subpackages:
  - context
- name: golang.org/x/oauth2
  version: 314dd2c0bf3ebd592ec0d20847d27e79d0dbe8dd
  subpackages:
  - clientcredentials
  - internal
- name: google.golang.org/appengine
  version: 08a149cfaee099e6ce4be01c0113a78c85ee1dee
  subpackages:
  - internal
  - internal/base
  - internal/datastore
  - internal/log
  - internal/remote_api
  - internal/urlfetch
  - urlfetch
testImports:
- name: golang.org/x/sys
  version: d75a52659825e75fff6158388dddc6a5b04f9ba5
  subpackages:
  - unix
- name: gopkg.in/yaml.v2
  version: a5b47d31c556af34a302ce5d659e6fea44d90de0
